
Microsoft Visual Studio Solution File, Format Version 12.00
# Visual Studio Version 16
VisualStudioVersion = 16.0.30011.22
MinimumVisualStudioVersion = 10.0.40219.1
Project("{888888A0-9F3D-457C-B088-3A5042F75D52}") = "HopfieldNetwork", "HopfieldNetwork\HopfieldNetwork.pyproj", "{2EDAF73C-96A1-4840-98DB-17DA2B38094F}"
EndProject
Global
	GlobalSection(SolutionConfigurationPlatforms) = preSolution
		Debug|Any CPU = Debug|Any CPU
		Release|Any CPU = Release|Any CPU
	EndGlobalSection
	GlobalSection(ProjectConfigurationPlatforms) = postSolution
		{2EDAF73C-96A1-4840-98DB-17DA2B38094F}.Debug|Any CPU.ActiveCfg = Debug|Any CPU
		{2EDAF73C-96A1-4840-98DB-17DA2B38094F}.Release|Any CPU.ActiveCfg = Release|Any CPU
	EndGlobalSection
	GlobalSection(SolutionProperties) = preSolution
		HideSolutionNode = FALSE
	EndGlobalSection
	GlobalSection(ExtensibilityGlobals) = postSolution
		SolutionGuid = {E36C69B9-FEF7-4547-AD5D-87B2FE8B41BE}
	EndGlobalSection
EndGlobal
